Microsoft Visual Studio Solution File, Format Version 12.00
# Visual Studio 2012
Project("{FAE04EC0-301F-11D3-BF4B-00C04F79EFBC}") = "SwordGuy", "SwordGuy.csproj", "{15FA9AE8-6976-4C54-94CB-4F40FE3D7881}"
EndProject
Global
	GlobalSection(SolutionConfigurationPlatforms) = preSolution
	Debug|Any CPU = Debug|Any CPU
	ExportDebug|Any CPU = ExportDebug|Any CPU
	ExportRelease|Any CPU = ExportRelease|Any CPU
	EndGlobalSection
	GlobalSection(ProjectConfigurationPlatforms) = postSolution
		{15FA9AE8-6976-4C54-94CB-4F40FE3D7881}.Debug|Any CPU.ActiveCfg = Debug|Any CPU
		{15FA9AE8-6976-4C54-94CB-4F40FE3D7881}.Debug|Any CPU.Build.0 = Debug|Any CPU
		{15FA9AE8-6976-4C54-94CB-4F40FE3D7881}.ExportDebug|Any CPU.ActiveCfg = ExportDebug|Any CPU
		{15FA9AE8-6976-4C54-94CB-4F40FE3D7881}.ExportDebug|Any CPU.Build.0 = ExportDebug|Any CPU
		{15FA9AE8-6976-4C54-94CB-4F40FE3D7881}.ExportRelease|Any CPU.ActiveCfg = ExportRelease|Any CPU
		{15FA9AE8-6976-4C54-94CB-4F40FE3D7881}.ExportRelease|Any CPU.Build.0 = ExportRelease|Any CPU
	EndGlobalSection
EndGlobal
